// !$*UTF8*$!
{
	archiveVersion = 1;
	classes = {
	};
	objectVersion = 46;
	objects = {

/* Begin PBXBuildFile section */
		042993051C02A630005069C6 /* easyjs-inject.js in Resources */ = {isa = PBXBuildFile; fileRef = 042992FE1C02A630005069C6 /* easyjs-inject.js */; settings = {ASSET_TAGS = (); }; };
		042993061C02A630005069C6 /* EasyJSDataFunction.m in Sources */ = {isa = PBXBuildFile; fileRef = 042993001C02A630005069C6 /* EasyJSDataFunction.m */; settings = {COMPILER_FLAGS = "-fno-objc-arc"; }; };
		042993071C02A630005069C6 /* EasyJSWebView.m in Sources */ = {isa = PBXBuildFile; fileRef = 042993021C02A630005069C6 /* EasyJSWebView.m */; settings = {COMPILER_FLAGS = "-fno-objc-arc"; }; };
		042993081C02A630005069C6 /* EasyJSWebViewProxyDelegate.m in Sources */ = {isa = PBXBuildFile; fileRef = 042993041C02A630005069C6 /* EasyJSWebViewProxyDelegate.m */; settings = {COMPILER_FLAGS = "-fno-objc-arc"; }; };
		0429930C1C02A9C8005069C6 /* EasyJSWebViewViewController.m in Sources */ = {isa = PBXBuildFile; fileRef = 0429930B1C02A9C8005069C6 /* EasyJSWebViewViewController.m */; settings = {ASSET_TAGS = (); }; };
		0429930F1C02A9E4005069C6 /* EJSWNativeManager.m in Sources */ = {isa = PBXBuildFile; fileRef = 0429930E1C02A9E4005069C6 /* EJSWNativeManager.m */; settings = {ASSET_TAGS = (); }; };
		04433BA01BFC24E900D3E069 /* main.m in Sources */ = {isa = PBXBuildFile; fileRef = 04433B9F1BFC24E900D3E069 /* main.m */; };
		04433BA31BFC24E900D3E069 /* AppDelegate.m in Sources */ = {isa = PBXBuildFile; fileRef = 04433BA21BFC24E900D3E069 /* AppDelegate.m */; };
		04433BA61BFC24E900D3E069 /* MasterViewController.m in Sources */ = {isa = PBXBuildFile; fileRef = 04433BA51BFC24E900D3E069 /* MasterViewController.m */; };
		04433BAC1BFC24E900D3E069 /* Main.storyboard in Resources */ = {isa = PBXBuildFile; fileRef = 04433BAA1BFC24E900D3E069 /* Main.storyboard */; };
		04433BAE1BFC24E900D3E069 /* Assets.xcassets in Resources */ = {isa = PBXBuildFile; fileRef = 04433BAD1BFC24E900D3E069 /* Assets.xcassets */; };
		04433BB11BFC24E900D3E069 /* LaunchScreen.storyboard in Resources */ = {isa = PBXBuildFile; fileRef = 04433BAF1BFC24E900D3E069 /* LaunchScreen.storyboard */; };
		04433BBB1BFC2C3700D3E069 /* WebViewRedirectViewController.m in Sources */ = {isa = PBXBuildFile; fileRef = 04433BBA1BFC2C3700D3E069 /* WebViewRedirectViewController.m */; settings = {ASSET_TAGS = (); }; };
		04433BBD1BFC414E00D3E069 /* redirect.html in Resources */ = {isa = PBXBuildFile; fileRef = 04433BBC1BFC414E00D3E069 /* redirect.html */; settings = {ASSET_TAGS = (); }; };
		04433BBF1BFC482D00D3E069 /* redirect.js in Resources */ = {isa = PBXBuildFile; fileRef = 04433BBE1BFC482D00D3E069 /* redirect.js */; settings = {ASSET_TAGS = (); }; };
		04433BCE1BFCA47300D3E069 /* JavaScriptCoreViewController.m in Sources */ = {isa = PBXBuildFile; fileRef = 04433BCD1BFCA47300D3E069 /* JavaScriptCoreViewController.m */; settings = {ASSET_TAGS = (); }; };
		04433BD01BFCA4F900D3E069 /* JavaScriptCore.framework in Frameworks */ = {isa = PBXBuildFile; fileRef = 04433BCF1BFCA4F800D3E069 /* JavaScriptCore.framework */; };
		04433BDC1BFEF73400D3E069 /* jsCore.js in Resources */ = {isa = PBXBuildFile; fileRef = 04433BDB1BFEF73400D3E069 /* jsCore.js */; settings = {ASSET_TAGS = (); }; };
		04433BDF1BFF109E00D3E069 /* JSCNativeManager.m in Sources */ = {isa = PBXBuildFile; fileRef = 04433BDE1BFF109E00D3E069 /* JSCNativeManager.m */; settings = {ASSET_TAGS = (); }; };
		04433BE11BFF38AF00D3E069 /* js和oc相互调用.md in Sources */ = {isa = PBXBuildFile; fileRef = 04433BE01BFF38AF00D3E069 /* js和oc相互调用.md */; settings = {ASSET_TAGS = (); }; };
/* End PBXBuildFile section */

/* Begin PBXFileReference section */
		042992FE1C02A630005069C6 /* easyjs-inject.js */ = {isa = PBXFileReference; fileEncoding = 4; lastKnownFileType = sourcecode.javascript; path = "easyjs-inject.js"; sourceTree = "<group>"; };
		042992FF1C02A630005069C6 /* EasyJSDataFunction.h */ = {isa = PBXFileReference; fileEncoding = 4; lastKnownFileType = sourcecode.c.h; path = EasyJSDataFunction.h; sourceTree = "<group>"; };
		042993001C02A630005069C6 /* EasyJSDataFunction.m */ = {isa = PBXFileReference; fileEncoding = 4; lastKnownFileType = sourcecode.c.objc; path = EasyJSDataFunction.m; sourceTree = "<group>"; };
		042993011C02A630005069C6 /* EasyJSWebView.h */ = {isa = PBXFileReference; fileEncoding = 4; lastKnownFileType = sourcecode.c.h; path = EasyJSWebView.h; sourceTree = "<group>"; };
		042993021C02A630005069C6 /* EasyJSWebView.m */ = {isa = PBXFileReference; fileEncoding = 4; lastKnownFileType = sourcecode.c.objc; path = EasyJSWebView.m; sourceTree = "<group>"; };
		042993031C02A630005069C6 /* EasyJSWebViewProxyDelegate.h */ = {isa = PBXFileReference; fileEncoding = 4; lastKnownFileType = sourcecode.c.h; path = EasyJSWebViewProxyDelegate.h; sourceTree = "<group>"; };
		042993041C02A630005069C6 /* EasyJSWebViewProxyDelegate.m */ = {isa = PBXFileReference; fileEncoding = 4; lastKnownFileType = sourcecode.c.objc; path = EasyJSWebViewProxyDelegate.m; sourceTree = "<group>"; };
		0429930A1C02A9C8005069C6 /* EasyJSWebViewViewController.h */ = {isa = PBXFileReference; fileEncoding = 4; lastKnownFileType = sourcecode.c.h; path = EasyJSWebViewViewController.h; sourceTree = "<group>"; };
		0429930B1C02A9C8005069C6 /* EasyJSWebViewViewController.m */ = {isa = PBXFileReference; fileEncoding = 4; lastKnownFileType = sourcecode.c.objc; path = EasyJSWebViewViewController.m; sourceTree = "<group>"; };
		0429930D1C02A9E4005069C6 /* EJSWNativeManager.h */ = {isa = PBXFileReference; fileEncoding = 4; lastKnownFileType = sourcecode.c.h; path = EJSWNativeManager.h; sourceTree = "<group>"; };
		0429930E1C02A9E4005069C6 /* EJSWNativeManager.m */ = {isa = PBXFileReference; fileEncoding = 4; lastKnownFileType = sourcecode.c.objc; path = EJSWNativeManager.m; sourceTree = "<group>"; };
		04433B9B1BFC24E800D3E069 /* JSToOCDemo.app */ = {isa = PBXFileReference; explicitFileType = wrapper.application; includeInIndex = 0; path = JSToOCDemo.app; sourceTree = BUILT_PRODUCTS_DIR; };
		04433B9F1BFC24E900D3E069 /* main.m */ = {isa = PBXFileReference; lastKnownFileType = sourcecode.c.objc; path = main.m; sourceTree = "<group>"; };
		04433BA11BFC24E900D3E069 /* AppDelegate.h */ = {isa = PBXFileReference; lastKnownFileType = sourcecode.c.h; path = AppDelegate.h; sourceTree = "<group>"; };
		04433BA21BFC24E900D3E069 /* AppDelegate.m */ = {isa = PBXFileReference; lastKnownFileType = sourcecode.c.objc; path = AppDelegate.m; sourceTree = "<group>"; };
		04433BA41BFC24E900D3E069 /* MasterViewController.h */ = {isa = PBXFileReference; lastKnownFileType = sourcecode.c.h; path = MasterViewController.h; sourceTree = "<group>"; };
		04433BA51BFC24E900D3E069 /* MasterViewController.m */ = {isa = PBXFileReference; lastKnownFileType = sourcecode.c.objc; path = MasterViewController.m; sourceTree = "<group>"; };
		04433BAB1BFC24E900D3E069 /* Base */ = {isa = PBXFileReference; lastKnownFileType = file.storyboard; name = Base; path = Base.lproj/Main.storyboard; sourceTree = "<group>"; };
		04433BAD1BFC24E900D3E069 /* Assets.xcassets */ = {isa = PBXFileReference; lastKnownFileType = folder.assetcatalog; path = Assets.xcassets; sourceTree = "<group>"; };
		04433BB01BFC24E900D3E069 /* Base */ = {isa = PBXFileReference; lastKnownFileType = file.storyboard; name = Base; path = Base.lproj/LaunchScreen.storyboard; sourceTree = "<group>"; };
		04433BB21BFC24E900D3E069 /* Info.plist */ = {isa = PBXFileReference; lastKnownFileType = text.plist.xml; path = Info.plist; sourceTree = "<group>"; };
		04433BB91BFC2C3700D3E069 /* WebViewRedirectViewController.h */ = {isa = PBXFileReference; fileEncoding = 4; lastKnownFileType = sourcecode.c.h; path = WebViewRedirectViewController.h; sourceTree = "<group>"; };
		04433BBA1BFC2C3700D3E069 /* WebViewRedirectViewController.m */ = {isa = PBXFileReference; fileEncoding = 4; lastKnownFileType = sourcecode.c.objc; path = WebViewRedirectViewController.m; sourceTree = "<group>"; };
		04433BBC1BFC414E00D3E069 /* redirect.html */ = {isa = PBXFileReference; fileEncoding = 4; lastKnownFileType = text.html; path = redirect.html; sourceTree = "<group>"; };
		04433BBE1BFC482D00D3E069 /* redirect.js */ = {isa = PBXFileReference; fileEncoding = 4; lastKnownFileType = sourcecode.javascript; path = redirect.js; sourceTree = "<group>"; };
		04433BCC1BFCA47300D3E069 /* JavaScriptCoreViewController.h */ = {isa = PBXFileReference; fileEncoding = 4; lastKnownFileType = sourcecode.c.h; path = JavaScriptCoreViewController.h; sourceTree = "<group>"; };
		04433BCD1BFCA47300D3E069 /* JavaScriptCoreViewController.m */ = {isa = PBXFileReference; fileEncoding = 4; lastKnownFileType = sourcecode.c.objc; path = JavaScriptCoreViewController.m; sourceTree = "<group>"; };
		04433BCF1BFCA4F800D3E069 /* JavaScriptCore.framework */ = {isa = PBXFileReference; lastKnownFileType = wrapper.framework; name = JavaScriptCore.framework; path = System/Library/Frameworks/JavaScriptCore.framework; sourceTree = SDKROOT; };
		04433BDB1BFEF73400D3E069 /* jsCore.js */ = {isa = PBXFileReference; fileEncoding = 4; lastKnownFileType = sourcecode.javascript; path = jsCore.js; sourceTree = "<group>"; };
		04433BDD1BFF109E00D3E069 /* JSCNativeManager.h */ = {isa = PBXFileReference; fileEncoding = 4; lastKnownFileType = sourcecode.c.h; path = JSCNativeManager.h; sourceTree = "<group>"; };
		04433BDE1BFF109E00D3E069 /* JSCNativeManager.m */ = {isa = PBXFileReference; fileEncoding = 4; lastKnownFileType = sourcecode.c.objc; path = JSCNativeManager.m; sourceTree = "<group>"; };
		04433BE01BFF38AF00D3E069 /* js和oc相互调用.md */ = {isa = PBXFileReference; fileEncoding = 4; lastKnownFileType = net.daringfireball.markdown; path = "js和oc相互调用.md"; sourceTree = "<group>"; };
/* End PBXFileReference section */

/* Begin PBXFrameworksBuildPhase section */
		04433B981BFC24E800D3E069 /* Frameworks */ = {
			isa = PBXFrameworksBuildPhase;
			buildActionMask = 2147483647;
			files = (
				04433BD01BFCA4F900D3E069 /* JavaScriptCore.framework in Frameworks */,
			);
			runOnlyForDeploymentPostprocessing = 0;
		};
/* End PBXFrameworksBuildPhase section */

/* Begin PBXGroup section */
		042992FD1C02A619005069C6 /* EasyJSWebView */ = {
			isa = PBXGroup;
			children = (
				0429930A1C02A9C8005069C6 /* EasyJSWebViewViewController.h */,
				0429930B1C02A9C8005069C6 /* EasyJSWebViewViewController.m */,
				0429930D1C02A9E4005069C6 /* EJSWNativeManager.h */,
				0429930E1C02A9E4005069C6 /* EJSWNativeManager.m */,
				042993091C02A933005069C6 /* EasyJSWebView */,
			);
			name = EasyJSWebView;
			sourceTree = "<group>";
		};
		042993091C02A933005069C6 /* EasyJSWebView */ = {
			isa = PBXGroup;
			children = (
				042992FE1C02A630005069C6 /* easyjs-inject.js */,
				042992FF1C02A630005069C6 /* EasyJSDataFunction.h */,
				042993001C02A630005069C6 /* EasyJSDataFunction.m */,
				042993011C02A630005069C6 /* EasyJSWebView.h */,
				042993021C02A630005069C6 /* EasyJSWebView.m */,
				042993031C02A630005069C6 /* EasyJSWebViewProxyDelegate.h */,
				042993041C02A630005069C6 /* EasyJSWebViewProxyDelegate.m */,
			);
			name = EasyJSWebView;
			sourceTree = "<group>";
		};
		04433B921BFC24E800D3E069 = {
			isa = PBXGroup;
			children = (
				04433BCF1BFCA4F800D3E069 /* JavaScriptCore.framework */,
				04433B9D1BFC24E800D3E069 /* JSToOCDemo */,
				04433B9C1BFC24E800D3E069 /* Products */,
			);
			sourceTree = "<group>";
		};
		04433B9C1BFC24E800D3E069 /* Products */ = {
			isa = PBXGroup;
			children = (
				04433B9B1BFC24E800D3E069 /* JSToOCDemo.app */,
			);
			name = Products;
			sourceTree = "<group>";
		};
		04433B9D1BFC24E800D3E069 /* JSToOCDemo */ = {
			isa = PBXGroup;
			children = (
				04433BE01BFF38AF00D3E069 /* js和oc相互调用.md */,
				04433BA11BFC24E900D3E069 /* AppDelegate.h */,
				04433BA21BFC24E900D3E069 /* AppDelegate.m */,
				04433BA41BFC24E900D3E069 /* MasterViewController.h */,
				04433BA51BFC24E900D3E069 /* MasterViewController.m */,
				04433BAA1BFC24E900D3E069 /* Main.storyboard */,
				04433BAD1BFC24E900D3E069 /* Assets.xcassets */,
				04433BAF1BFC24E900D3E069 /* LaunchScreen.storyboard */,
				04433BB21BFC24E900D3E069 /* Info.plist */,
				042992FD1C02A619005069C6 /* EasyJSWebView */,
				04433BCB1BFCA41200D3E069 /* JavaScriptCoreVC */,
				04433BB81BFC2C1700D3E069 /* WebViewRedirectVC */,
				04433B9E1BFC24E900D3E069 /* Supporting Files */,
			);
			path = JSToOCDemo;
			sourceTree = "<group>";
		};
		04433B9E1BFC24E900D3E069 /* Supporting Files */ = {
			isa = PBXGroup;
			children = (
				04433B9F1BFC24E900D3E069 /* main.m */,
			);
			name = "Supporting Files";
			sourceTree = "<group>";
		};
		04433BB81BFC2C1700D3E069 /* WebViewRedirectVC */ = {
			isa = PBXGroup;
			children = (
				04433BBC1BFC414E00D3E069 /* redirect.html */,
				04433BBE1BFC482D00D3E069 /* redirect.js */,
				04433BB91BFC2C3700D3E069 /* WebViewRedirectViewController.h */,
				04433BBA1BFC2C3700D3E069 /* WebViewRedirectViewController.m */,
			);
			name = WebViewRedirectVC;
			sourceTree = "<group>";
		};
		04433BCB1BFCA41200D3E069 /* JavaScriptCoreVC */ = {
			isa = PBXGroup;
			children = (
				04433BCC1BFCA47300D3E069 /* JavaScriptCoreViewController.h */,
				04433BCD1BFCA47300D3E069 /* JavaScriptCoreViewController.m */,
				04433BDD1BFF109E00D3E069 /* JSCNativeManager.h */,
				04433BDE1BFF109E00D3E069 /* JSCNativeManager.m */,
				04433BDB1BFEF73400D3E069 /* jsCore.js */,
			);
			name = JavaScriptCoreVC;
			sourceTree = "<group>";
		};
/* End PBXGroup section */

/* Begin PBXNativeTarget section */
		04433B9A1BFC24E800D3E069 /* JSToOCDemo */ = {
			isa = PBXNativeTarget;
			buildConfigurationList = 04433BB51BFC24E900D3E069 /* Build configuration list for PBXNativeTarget "JSToOCDemo" */;
			buildPhases = (
				04433B971BFC24E800D3E069 /* Sources */,
				04433B981BFC24E800D3E069 /* Frameworks */,
				04433B991BFC24E800D3E069 /* Resources */,
			);
			buildRules = (
			);
			dependencies = (
			);
			name = JSToOCDemo;
			productName = JSToOCDemo;
			productReference = 04433B9B1BFC24E800D3E069 /* JSToOCDemo.app */;
			productType = "com.apple.product-type.application";
		};
/* End PBXNativeTarget section */

/* Begin PBXProject section */
		04433B931BFC24E800D3E069 /* Project object */ = {
			isa = PBXProject;
			attributes = {
				LastUpgradeCheck = 0700;
				ORGANIZATIONNAME = HarryDeng;
				TargetAttributes = {
					04433B9A1BFC24E800D3E069 = {
						CreatedOnToolsVersion = 7.0;
					};
				};
			};
			buildConfigurationList = 04433B961BFC24E800D3E069 /* Build configuration list for PBXProject "JSToOCDemo" */;
			compatibilityVersion = "Xcode 3.2";
			developmentRegion = English;
			hasScannedForEncodings = 0;
			knownRegions = (
				en,
				Base,
			);
			mainGroup = 04433B921BFC24E800D3E069;
			productRefGroup = 04433B9C1BFC24E800D3E069 /* Products */;
			projectDirPath = "";
			projectRoot = "";
			targets = (
				04433B9A1BFC24E800D3E069 /* JSToOCDemo */,
			);
		};
/* End PBXProject section */

/* Begin PBXResourcesBuildPhase section */
		04433B991BFC24E800D3E069 /* Resources */ = {
			isa = PBXResourcesBuildPhase;
			buildActionMask = 2147483647;
			files = (
				04433BDC1BFEF73400D3E069 /* jsCore.js in Resources */,
				04433BB11BFC24E900D3E069 /* LaunchScreen.storyboard in Resources */,
				04433BBF1BFC482D00D3E069 /* redirect.js in Resources */,
				042993051C02A630005069C6 /* easyjs-inject.js in Resources */,
				04433BAE1BFC24E900D3E069 /* Assets.xcassets in Resources */,
				04433BBD1BFC414E00D3E069 /* redirect.html in Resources */,
				04433BAC1BFC24E900D3E069 /* Main.storyboard in Resources */,
			);
			runOnlyForDeploymentPostprocessing = 0;
		};
/* End PBXResourcesBuildPhase section */

/* Begin PBXSourcesBuildPhase section */
		04433B971BFC24E800D3E069 /* Sources */ = {
			isa = PBXSourcesBuildPhase;
			buildActionMask = 2147483647;
			files = (
				0429930C1C02A9C8005069C6 /* EasyJSWebViewViewController.m in Sources */,
				042993081C02A630005069C6 /* EasyJSWebViewProxyDelegate.m in Sources */,
				04433BCE1BFCA47300D3E069 /* JavaScriptCoreViewController.m in Sources */,
				04433BE11BFF38AF00D3E069 /* js和oc相互调用.md in Sources */,
				04433BBB1BFC2C3700D3E069 /* WebViewRedirectViewController.m in Sources */,
				04433BA31BFC24E900D3E069 /* AppDelegate.m in Sources */,
				04433BA61BFC24E900D3E069 /* MasterViewController.m in Sources */,
				042993071C02A630005069C6 /* EasyJSWebView.m in Sources */,
				04433BDF1BFF109E00D3E069 /* JSCNativeManager.m in Sources */,
				0429930F1C02A9E4005069C6 /* EJSWNativeManager.m in Sources */,
				042993061C02A630005069C6 /* EasyJSDataFunction.m in Sources */,
				04433BA01BFC24E900D3E069 /* main.m in Sources */,
			);
			runOnlyForDeploymentPostprocessing = 0;
		};
/* End PBXSourcesBuildPhase section */

/* Begin PBXVariantGroup section */
		04433BAA1BFC24E900D3E069 /* Main.storyboard */ = {
			isa = PBXVariantGroup;
			children = (
				04433BAB1BFC24E900D3E069 /* Base */,
			);
			name = Main.storyboard;
			sourceTree = "<group>";
		};
		04433BAF1BFC24E900D3E069 /* LaunchScreen.storyboard */ = {
			isa = PBXVariantGroup;
			children = (
				04433BB01BFC24E900D3E069 /* Base */,
			);
			name = LaunchScreen.storyboard;
			sourceTree = "<group>";
		};
/* End PBXVariantGroup section */

/* Begin XCBuildConfiguration section */
		04433BB31BFC24E900D3E069 /* Debug */ = {
			isa = XCBuildConfiguration;
			buildSettings = {
				ALWAYS_SEARCH_USER_PATHS = NO;
				CLANG_CXX_LANGUAGE_STANDARD = "gnu++0x";
				CLANG_CXX_LIBRARY = "libc++";
				CLANG_ENABLE_MODULES = YES;
				CLANG_ENABLE_OBJC_ARC = YES;
				CLANG_WARN_BOOL_CONVERSION = YES;
				CLANG_WARN_CONSTANT_CONVERSION = YES;
				CLANG_WARN_DIRECT_OBJC_ISA_USAGE = YES_ERROR;
				CLANG_WARN_EMPTY_BODY = YES;
				CLANG_WARN_ENUM_CONVERSION = YES;
				CLANG_WARN_INT_CONVERSION = YES;
				CLANG_WARN_OBJC_ROOT_CLASS = YES_ERROR;
				CLANG_WARN_UNREACHABLE_CODE = YES;
				CLANG_WARN__DUPLICATE_METHOD_MATCH = YES;
				"CODE_SIGN_IDENTITY[sdk=iphoneos*]" = "iPhone Developer";
				COPY_PHASE_STRIP = NO;
				DEBUG_INFORMATION_FORMAT = dwarf;
				ENABLE_STRICT_OBJC_MSGSEND = YES;
				ENABLE_TESTABILITY = YES;
				GCC_C_LANGUAGE_STANDARD = gnu99;
				GCC_DYNAMIC_NO_PIC = NO;
				GCC_NO_COMMON_BLOCKS = YES;
				GCC_OPTIMIZATION_LEVEL = 0;
				GCC_PREPROCESSOR_DEFINITIONS = (
					"DEBUG=1",
					"$(inherited)",
				);
				GCC_WARN_64_TO_32_BIT_CONVERSION = YES;
				GCC_WARN_ABOUT_RETURN_TYPE = YES_ERROR;
				GCC_WARN_UNDECLARED_SELECTOR = YES;
				GCC_WARN_UNINITIALIZED_AUTOS = YES_AGGRESSIVE;
				GCC_WARN_UNUSED_FUNCTION = YES;
				GCC_WARN_UNUSED_VARIABLE = YES;
				IPHONEOS_DEPLOYMENT_TARGET = 9.0;
				MTL_ENABLE_DEBUG_INFO = YES;
				ONLY_ACTIVE_ARCH = YES;
				SDKROOT = iphoneos;
			};
			name = Debug;
		};
		04433BB41BFC24E900D3E069 /* Release */ = {
			isa = XCBuildConfiguration;
			buildSettings = {
				ALWAYS_SEARCH_USER_PATHS = NO;
				CLANG_CXX_LANGUAGE_STANDARD = "gnu++0x";
				CLANG_CXX_LIBRARY = "libc++";
				CLANG_ENABLE_MODULES = YES;
				CLANG_ENABLE_OBJC_ARC = YES;
				CLANG_WARN_BOOL_CONVERSION = YES;
				CLANG_WARN_CONSTANT_CONVERSION = YES;
				CLANG_WARN_DIRECT_OBJC_ISA_USAGE = YES_ERROR;
				CLANG_WARN_EMPTY_BODY = YES;
				CLANG_WARN_ENUM_CONVERSION = YES;
				CLANG_WARN_INT_CONVERSION = YES;
				CLANG_WARN_OBJC_ROOT_CLASS = YES_ERROR;
				CLANG_WARN_UNREACHABLE_CODE = YES;
				CLANG_WARN__DUPLICATE_METHOD_MATCH = YES;
				"CODE_SIGN_IDENTITY[sdk=iphoneos*]" = "iPhone Developer";
				COPY_PHASE_STRIP = NO;
				DEBUG_INFORMATION_FORMAT = "dwarf-with-dsym";
				ENABLE_NS_ASSERTIONS = NO;
				ENABLE_STRICT_OBJC_MSGSEND = YES;
				GCC_C_LANGUAGE_STANDARD = gnu99;
				GCC_NO_COMMON_BLOCKS = YES;
				GCC_WARN_64_TO_32_BIT_CONVERSION = YES;
				GCC_WARN_ABOUT_RETURN_TYPE = YES_ERROR;
				GCC_WARN_UNDECLARED_SELECTOR = YES;
				GCC_WARN_UNINITIALIZED_AUTOS = YES_AGGRESSIVE;
				GCC_WARN_UNUSED_FUNCTION = YES;
				GCC_WARN_UNUSED_VARIABLE = YES;
				IPHONEOS_DEPLOYMENT_TARGET = 9.0;
				MTL_ENABLE_DEBUG_INFO = NO;
				SDKROOT = iphoneos;
				VALIDATE_PRODUCT = YES;
			};
			name = Release;
		};
		04433BB61BFC24E900D3E069 /* Debug */ = {
			isa = XCBuildConfiguration;
			buildSettings = {
				ASSETCATALOG_COMPILER_APPICON_NAME = AppIcon;
				INFOPLIST_FILE = JSToOCDemo/Info.plist;
				LD_RUNPATH_SEARCH_PATHS = "$(inherited) @executable_path/Frameworks";
				PRODUCT_BUNDLE_IDENTIFIER = com.harry.JSToOCDemo;
				PRODUCT_NAME = "$(TARGET_NAME)";
				TARGETED_DEVICE_FAMILY = 1;
			};
			name = Debug;
		};
		04433BB71BFC24E900D3E069 /* Release */ = {
			isa = XCBuildConfiguration;
			buildSettings = {
				ASSETCATALOG_COMPILER_APPICON_NAME = AppIcon;
				INFOPLIST_FILE = JSToOCDemo/Info.plist;
				LD_RUNPATH_SEARCH_PATHS = "$(inherited) @executable_path/Frameworks";
				PRODUCT_BUNDLE_IDENTIFIER = com.harry.JSToOCDemo;
				PRODUCT_NAME = "$(TARGET_NAME)";
				TARGETED_DEVICE_FAMILY = 1;
			};
			name = Release;
		};
/* End XCBuildConfiguration section */

/* Begin XCConfigurationList section */
		04433B961BFC24E800D3E069 /* Build configuration list for PBXProject "JSToOCDemo" */ = {
			isa = XCConfigurationList;
			buildConfigurations = (
				04433BB31BFC24E900D3E069 /* Debug */,
				04433BB41BFC24E900D3E069 /* Release */,
			);
			defaultConfigurationIsVisible = 0;
			defaultConfigurationName = Release;
		};
		04433BB51BFC24E900D3E069 /* Build configuration list for PBXNativeTarget "JSToOCDemo" */ = {
			isa = XCConfigurationList;
			buildConfigurations = (
				04433BB61BFC24E900D3E069 /* Debug */,
				04433BB71BFC24E900D3E069 /* Release */,
			);
			defaultConfigurationIsVisible = 0;
			defaultConfigurationName = Release;
		};
/* End XCConfigurationList section */
	};
	rootObject = 04433B931BFC24E800D3E069 /* Project object */;
}
